
Microsoft Visual Studio Solution File, Format Version 12.00
# Visual Studio Version 17
VisualStudioVersion = 17.6.33723.286
MinimumVisualStudioVersion = 10.0.40219.1
Project("{9A19103F-16F7-4668-BE54-9A1E7A4F7556}") = "Sparky", "Sparky\Sparky.csproj", "{0A170E9F-28E1-4E46-8DB4-0A302974B24B}"
EndProject
Project("{9A19103F-16F7-4668-BE54-9A1E7A4F7556}") = "SparkyMSTest", "SparkyMSTest\SparkyMSTest.csproj", "{B334AABD-0D74-4F6C-97CE-C5EBA9E57CA6}"
EndProject
Project("{FAE04EC0-301F-11D3-BF4B-00C04F79EFBC}") = "SparkyNUnitTest", "SparkyNUnitTest\SparkyNUnitTest.csproj", "{E167AFF2-9E77-4B88-AA40-AA375C1A7AEC}"
EndProject
Global
	GlobalSection(SolutionConfigurationPlatforms) = preSolution
		Debug|Any CPU = Debug|Any CPU
		Release|Any CPU = Release|Any CPU
	EndGlobalSection
	GlobalSection(ProjectConfigurationPlatforms) = postSolution
		{0A170E9F-28E1-4E46-8DB4-0A302974B24B}.Debug|Any CPU.ActiveCfg = Debug|Any CPU
		{0A170E9F-28E1-4E46-8DB4-0A302974B24B}.Debug|Any CPU.Build.0 = Debug|Any CPU
		{0A170E9F-28E1-4E46-8DB4-0A302974B24B}.Release|Any CPU.ActiveCfg = Release|Any CPU
		{0A170E9F-28E1-4E46-8DB4-0A302974B24B}.Release|Any CPU.Build.0 = Release|Any CPU
		{B334AABD-0D74-4F6C-97CE-C5EBA9E57CA6}.Debug|Any CPU.ActiveCfg = Debug|Any CPU
		{B334AABD-0D74-4F6C-97CE-C5EBA9E57CA6}.Debug|Any CPU.Build.0 = Debug|Any CPU
		{B334AABD-0D74-4F6C-97CE-C5EBA9E57CA6}.Release|Any CPU.ActiveCfg = Release|Any CPU
		{B334AABD-0D74-4F6C-97CE-C5EBA9E57CA6}.Release|Any CPU.Build.0 = Release|Any CPU
		{E167AFF2-9E77-4B88-AA40-AA375C1A7AEC}.Debug|Any CPU.ActiveCfg = Debug|Any CPU
		{E167AFF2-9E77-4B88-AA40-AA375C1A7AEC}.Debug|Any CPU.Build.0 = Debug|Any CPU
		{E167AFF2-9E77-4B88-AA40-AA375C1A7AEC}.Release|Any CPU.ActiveCfg = Release|Any CPU
		{E167AFF2-9E77-4B88-AA40-AA375C1A7AEC}.Release|Any CPU.Build.0 = Release|Any CPU
	EndGlobalSection
	GlobalSection(SolutionProperties) = preSolution
		HideSolutionNode = FALSE
	EndGlobalSection
	GlobalSection(ExtensibilityGlobals) = postSolution
		SolutionGuid = {74C15FB6-E133-47C7-B1BC-93C89A9338BA}
	EndGlobalSection
EndGlobal
